github.com/google/uuid v1.6.0 h1:NIvaJDMOsjHA8n1jAhLSgzrAzy1Hgr+hNrb57e+94F0=
github.com/google/uuid v1.6.0/go.mod h1:TIyPZe4MgqvfeYDBFedMoGGpEw/LqOeaOT+nhxU+yHo=
go.mongodb.org/mongo-driver v1.17.1 h1:Wic5cJIwJgSpBhe3lx3+/RybR5PiYRMpVFgO7cOHyIM=
go.mongodb.org/mongo-driver v1.17.1/go.mod h1:wwWm/+BuOddhcq3n68LKRmgk2wXzmF6s0SFOa0GINL4=
